// !$*UTF8*$!
{
	archiveVersion = 1;
	classes = {
	};
	objectVersion = 56;
	objects = {

/* Begin PBXBuildFile section */
		00C86BA4ECD3856646D4E3EE /* Pods_testReachability.framework in Frameworks */ = {isa = PBXBuildFile; fileRef = D7D0BC9FDA97F742A0778623 /* Pods_testReachability.framework */; };
		D3505AE12B3819500011F794 /* AppDelegate.swift in Sources */ = {isa = PBXBuildFile; fileRef = D3505AE02B3819500011F794 /* AppDelegate.swift */; };
		D3505AE32B3819500011F794 /* SceneDelegate.swift in Sources */ = {isa = PBXBuildFile; fileRef = D3505AE22B3819500011F794 /* SceneDelegate.swift */; };
		D3505AEA2B3819520011F794 /* Assets.xcassets in Resources */ = {isa = PBXBuildFile; fileRef = D3505AE92B3819520011F794 /* Assets.xcassets */; };
		D3505AED2B3819520011F794 /* LaunchScreen.storyboard in Resources */ = {isa = PBXBuildFile; fileRef = D3505AEB2B3819520011F794 /* LaunchScreen.storyboard */; };
		D3505AFA2B381C9E0011F794 /* Rechability.swift in Sources */ = {isa = PBXBuildFile; fileRef = D3505AF92B381C9E0011F794 /* Rechability.swift */; };
		D3505AFC2B381F720011F794 /* ViewModel.swift in Sources */ = {isa = PBXBuildFile; fileRef = D3505AFB2B381F720011F794 /* ViewModel.swift */; };
		D3DE03FF2B3DE6B00053C41E /* UIButton.swift in Sources */ = {isa = PBXBuildFile; fileRef = D3DE03FE2B3DE6B00053C41E /* UIButton.swift */; };
		D3DE04012B3DE6E60053C41E /* color.swift in Sources */ = {isa = PBXBuildFile; fileRef = D3DE04002B3DE6E60053C41E /* color.swift */; };
		D3DE04062B3DE8790053C41E /* ViewController.swift in Sources */ = {isa = PBXBuildFile; fileRef = D3DE04042B3DE8790053C41E /* ViewController.swift */; };
		D3DE04072B3DE8790053C41E /* ViewController.xib in Resources */ = {isa = PBXBuildFile; fileRef = D3DE04052B3DE8790053C41E /* ViewController.xib */; };
		D3EE1C472B3D96B100B8BED9 /* NoInternetConnection.swift in Sources */ = {isa = PBXBuildFile; fileRef = D3EE1C452B3D96B100B8BED9 /* NoInternetConnection.swift */; };
		D3EE1C482B3D96B100B8BED9 /* NoInternetConnection.xib in Resources */ = {isa = PBXBuildFile; fileRef = D3EE1C462B3D96B100B8BED9 /* NoInternetConnection.xib */; };
/* End PBXBuildFile section */

/* Begin PBXFileReference section */
		1AACE86A80283DFEAC100482 /* Pods-testReachability.release.xcconfig */ = {isa = PBXFileReference; includeInIndex = 1; lastKnownFileType = text.xcconfig; name = "Pods-testReachability.release.xcconfig"; path = "Target Support Files/Pods-testReachability/Pods-testReachability.release.xcconfig"; sourceTree = "<group>"; };
		D3505ADD2B3819500011F794 /* testReachability.app */ = {isa = PBXFileReference; explicitFileType = wrapper.application; includeInIndex = 0; path = testReachability.app; sourceTree = BUILT_PRODUCTS_DIR; };
		D3505AE02B3819500011F794 /* AppDelegate.swift */ = {isa = PBXFileReference; lastKnownFileType = sourcecode.swift; path = AppDelegate.swift; sourceTree = "<group>"; };
		D3505AE22B3819500011F794 /* SceneDelegate.swift */ = {isa = PBXFileReference; lastKnownFileType = sourcecode.swift; path = SceneDelegate.swift; sourceTree = "<group>"; };
		D3505AE92B3819520011F794 /* Assets.xcassets */ = {isa = PBXFileReference; lastKnownFileType = folder.assetcatalog; path = Assets.xcassets; sourceTree = "<group>"; };
		D3505AEC2B3819520011F794 /* Base */ = {isa = PBXFileReference; lastKnownFileType = file.storyboard; name = Base; path = Base.lproj/LaunchScreen.storyboard; sourceTree = "<group>"; };
		D3505AEE2B3819520011F794 /* Info.plist */ = {isa = PBXFileReference; lastKnownFileType = text.plist.xml; path = Info.plist; sourceTree = "<group>"; };
		D3505AF92B381C9E0011F794 /* Rechability.swift */ = {isa = PBXFileReference; lastKnownFileType = sourcecode.swift; path = Rechability.swift; sourceTree = "<group>"; };
		D3505AFB2B381F720011F794 /* ViewModel.swift */ = {isa = PBXFileReference; lastKnownFileType = sourcecode.swift; path = ViewModel.swift; sourceTree = "<group>"; };
		D3DE03FE2B3DE6B00053C41E /* UIButton.swift */ = {isa = PBXFileReference; lastKnownFileType = sourcecode.swift; path = UIButton.swift; sourceTree = "<group>"; };
		D3DE04002B3DE6E60053C41E /* color.swift */ = {isa = PBXFileReference; fileEncoding = 4; lastKnownFileType = sourcecode.swift; path = color.swift; sourceTree = "<group>"; };
		D3DE04042B3DE8790053C41E /* ViewController.swift */ = {isa = PBXFileReference; lastKnownFileType = sourcecode.swift; path = ViewController.swift; sourceTree = "<group>"; };
		D3DE04052B3DE8790053C41E /* ViewController.xib */ = {isa = PBXFileReference; lastKnownFileType = file.xib; path = ViewController.xib; sourceTree = "<group>"; };
		D3EE1C452B3D96B100B8BED9 /* NoInternetConnection.swift */ = {isa = PBXFileReference; lastKnownFileType = sourcecode.swift; path = NoInternetConnection.swift; sourceTree = "<group>"; };
		D3EE1C462B3D96B100B8BED9 /* NoInternetConnection.xib */ = {isa = PBXFileReference; lastKnownFileType = file.xib; path = NoInternetConnection.xib; sourceTree = "<group>"; };
		D7D0BC9FDA97F742A0778623 /* Pods_testReachability.framework */ = {isa = PBXFileReference; explicitFileType = wrapper.framework; includeInIndex = 0; path = Pods_testReachability.framework; sourceTree = BUILT_PRODUCTS_DIR; };
		DB302AF6C53717B3CAB38839 /* Pods-testReachability.debug.xcconfig */ = {isa = PBXFileReference; includeInIndex = 1; lastKnownFileType = text.xcconfig; name = "Pods-testReachability.debug.xcconfig"; path = "Target Support Files/Pods-testReachability/Pods-testReachability.debug.xcconfig"; sourceTree = "<group>"; };
/* End PBXFileReference section */

/* Begin PBXFrameworksBuildPhase section */
		D3505ADA2B3819500011F794 /* Frameworks */ = {
			isa = PBXFrameworksBuildPhase;
			buildActionMask = 2147483647;
			files = (
				00C86BA4ECD3856646D4E3EE /* Pods_testReachability.framework in Frameworks */,
			);
			runOnlyForDeploymentPostprocessing = 0;
		};
/* End PBXFrameworksBuildPhase section */

/* Begin PBXGroup section */
		84233E9C08D78F558C6DE350 /* Frameworks */ = {
			isa = PBXGroup;
			children = (
				D7D0BC9FDA97F742A0778623 /* Pods_testReachability.framework */,
			);
			name = Frameworks;
			sourceTree = "<group>";
		};
		95481C37A9076BAA462D4682 /* Pods */ = {
			isa = PBXGroup;
			children = (
				DB302AF6C53717B3CAB38839 /* Pods-testReachability.debug.xcconfig */,
				1AACE86A80283DFEAC100482 /* Pods-testReachability.release.xcconfig */,
			);
			path = Pods;
			sourceTree = "<group>";
		};
		D3505AD42B3819500011F794 = {
			isa = PBXGroup;
			children = (
				D3505ADF2B3819500011F794 /* testReachability */,
				D3505ADE2B3819500011F794 /* Products */,
				95481C37A9076BAA462D4682 /* Pods */,
				84233E9C08D78F558C6DE350 /* Frameworks */,
			);
			sourceTree = "<group>";
		};
		D3505ADE2B3819500011F794 /* Products */ = {
			isa = PBXGroup;
			children = (
				D3505ADD2B3819500011F794 /* testReachability.app */,
			);
			name = Products;
			sourceTree = "<group>";
		};
		D3505ADF2B3819500011F794 /* testReachability */ = {
			isa = PBXGroup;
			children = (
				D3505AF42B38197B0011F794 /* AppDelegate */,
				D3505AF62B3819990011F794 /* launchScreen */,
				D3505AF52B3819920011F794 /* Flow */,
				D3505AF82B381C850011F794 /* Customs + Extensions */,
				D3EE1C442B3D969400B8BED9 /* custom */,
				D3505AF72B3819A60011F794 /* Assets */,
			);
			path = testReachability;
			sourceTree = "<group>";
		};
		D3505AF42B38197B0011F794 /* AppDelegate */ = {
			isa = PBXGroup;
			children = (
				D3505AE02B3819500011F794 /* AppDelegate.swift */,
				D3505AE22B3819500011F794 /* SceneDelegate.swift */,
			);
			path = AppDelegate;
			sourceTree = "<group>";
		};
		D3505AF52B3819920011F794 /* Flow */ = {
			isa = PBXGroup;
			children = (
				D3DE04032B3DE86D0053C41E /* viewController */,
				D3505AFB2B381F720011F794 /* ViewModel.swift */,
			);
			path = Flow;
			sourceTree = "<group>";
		};
		D3505AF62B3819990011F794 /* launchScreen */ = {
			isa = PBXGroup;
			children = (
				D3505AEB2B3819520011F794 /* LaunchScreen.storyboard */,
			);
			path = launchScreen;
			sourceTree = "<group>";
		};
		D3505AF72B3819A60011F794 /* Assets */ = {
			isa = PBXGroup;
			children = (
				D3505AE92B3819520011F794 /* Assets.xcassets */,
				D3505AEE2B3819520011F794 /* Info.plist */,
			);
			path = Assets;
			sourceTree = "<group>";
		};
		D3505AF82B381C850011F794 /* Customs + Extensions */ = {
			isa = PBXGroup;
			children = (
				D3505AF92B381C9E0011F794 /* Rechability.swift */,
				D3DE04002B3DE6E60053C41E /* color.swift */,
				D3DE03FE2B3DE6B00053C41E /* UIButton.swift */,
			);
			path = "Customs + Extensions";
			sourceTree = "<group>";
		};
		D3DE04032B3DE86D0053C41E /* viewController */ = {
			isa = PBXGroup;
			children = (
				D3DE04042B3DE8790053C41E /* ViewController.swift */,
				D3DE04052B3DE8790053C41E /* ViewController.xib */,
			);
			path = viewController;
			sourceTree = "<group>";
		};
		D3EE1C442B3D969400B8BED9 /* custom */ = {
			isa = PBXGroup;
			children = (
				D3EE1C452B3D96B100B8BED9 /* NoInternetConnection.swift */,
				D3EE1C462B3D96B100B8BED9 /* NoInternetConnection.xib */,
			);
			path = custom;
			sourceTree = "<group>";
		};
/* End PBXGroup section */

/* Begin PBXNativeTarget section */
		D3505ADC2B3819500011F794 /* testReachability */ = {
			isa = PBXNativeTarget;
			buildConfigurationList = D3505AF12B3819520011F794 /* Build configuration list for PBXNativeTarget "testReachability" */;
			buildPhases = (
				23B1D137D004AA2709791953 /* [CP] Check Pods Manifest.lock */,
				D3505AD92B3819500011F794 /* Sources */,
				D3505ADA2B3819500011F794 /* Frameworks */,
				D3505ADB2B3819500011F794 /* Resources */,
				83ECCBD96A64D7ADA9851870 /* [CP] Embed Pods Frameworks */,
			);
			buildRules = (
			);
			dependencies = (
			);
			name = testReachability;
			productName = testReachability;
			productReference = D3505ADD2B3819500011F794 /* testReachability.app */;
			productType = "com.apple.product-type.application";
		};
/* End PBXNativeTarget section */

/* Begin PBXProject section */
		D3505AD52B3819500011F794 /* Project object */ = {
			isa = PBXProject;
			attributes = {
				BuildIndependentTargetsInParallel = 1;
				LastSwiftUpdateCheck = 1420;
				LastUpgradeCheck = 1420;
				TargetAttributes = {
					D3505ADC2B3819500011F794 = {
						CreatedOnToolsVersion = 14.2;
					};
				};
			};
			buildConfigurationList = D3505AD82B3819500011F794 /* Build configuration list for PBXProject "testReachability" */;
			compatibilityVersion = "Xcode 14.0";
			developmentRegion = en;
			hasScannedForEncodings = 0;
			knownRegions = (
				en,
				Base,
			);
			mainGroup = D3505AD42B3819500011F794;
			productRefGroup = D3505ADE2B3819500011F794 /* Products */;
			projectDirPath = "";
			projectRoot = "";
			targets = (
				D3505ADC2B3819500011F794 /* testReachability */,
			);
		};
/* End PBXProject section */

/* Begin PBXResourcesBuildPhase section */
		D3505ADB2B3819500011F794 /* Resources */ = {
			isa = PBXResourcesBuildPhase;
			buildActionMask = 2147483647;
			files = (
				D3DE04072B3DE8790053C41E /* ViewController.xib in Resources */,
				D3505AED2B3819520011F794 /* LaunchScreen.storyboard in Resources */,
				D3505AEA2B3819520011F794 /* Assets.xcassets in Resources */,
				D3EE1C482B3D96B100B8BED9 /* NoInternetConnection.xib in Resources */,
			);
			runOnlyForDeploymentPostprocessing = 0;
		};
/* End PBXResourcesBuildPhase section */

/* Begin PBXShellScriptBuildPhase section */
		23B1D137D004AA2709791953 /* [CP] Check Pods Manifest.lock */ = {
			isa = PBXShellScriptBuildPhase;
			buildActionMask = 2147483647;
			files = (
			);
			inputFileListPaths = (
			);
			inputPaths = (
				"${PODS_PODFILE_DIR_PATH}/Podfile.lock",
				"${PODS_ROOT}/Manifest.lock",
			);
			name = "[CP] Check Pods Manifest.lock";
			outputFileListPaths = (
			);
			outputPaths = (
				"$(DERIVED_FILE_DIR)/Pods-testReachability-checkManifestLockResult.txt",
			);
			runOnlyForDeploymentPostprocessing = 0;
			shellPath = /bin/sh;
			shellScript = "diff \"${PODS_PODFILE_DIR_PATH}/Podfile.lock\" \"${PODS_ROOT}/Manifest.lock\" > /dev/null\nif [ $? != 0 ] ; then\n    # print error to STDERR\n    echo \"error: The sandbox is not in sync with the Podfile.lock. Run 'pod install' or update your CocoaPods installation.\" >&2\n    exit 1\nfi\n# This output is used by Xcode 'outputs' to avoid re-running this script phase.\necho \"SUCCESS\" > \"${SCRIPT_OUTPUT_FILE_0}\"\n";
			showEnvVarsInLog = 0;
		};
		83ECCBD96A64D7ADA9851870 /* [CP] Embed Pods Frameworks */ = {
			isa = PBXShellScriptBuildPhase;
			buildActionMask = 2147483647;
			files = (
			);
			inputFileListPaths = (
				"${PODS_ROOT}/Target Support Files/Pods-testReachability/Pods-testReachability-frameworks-${CONFIGURATION}-input-files.xcfilelist",
			);
			name = "[CP] Embed Pods Frameworks";
			outputFileListPaths = (
				"${PODS_ROOT}/Target Support Files/Pods-testReachability/Pods-testReachability-frameworks-${CONFIGURATION}-output-files.xcfilelist",
			);
			runOnlyForDeploymentPostprocessing = 0;
			shellPath = /bin/sh;
			shellScript = "\"${PODS_ROOT}/Target Support Files/Pods-testReachability/Pods-testReachability-frameworks.sh\"\n";
			showEnvVarsInLog = 0;
		};
/* End PBXShellScriptBuildPhase section */

/* Begin PBXSourcesBuildPhase section */
		D3505AD92B3819500011F794 /* Sources */ = {
			isa = PBXSourcesBuildPhase;
			buildActionMask = 2147483647;
			files = (
				D3505AFC2B381F720011F794 /* ViewModel.swift in Sources */,
				D3505AFA2B381C9E0011F794 /* Rechability.swift in Sources */,
				D3DE04062B3DE8790053C41E /* ViewController.swift in Sources */,
				D3EE1C472B3D96B100B8BED9 /* NoInternetConnection.swift in Sources */,
				D3DE03FF2B3DE6B00053C41E /* UIButton.swift in Sources */,
				D3DE04012B3DE6E60053C41E /* color.swift in Sources */,
				D3505AE12B3819500011F794 /* AppDelegate.swift in Sources */,
				D3505AE32B3819500011F794 /* SceneDelegate.swift in Sources */,
			);
			runOnlyForDeploymentPostprocessing = 0;
		};
/* End PBXSourcesBuildPhase section */

/* Begin PBXVariantGroup section */
		D3505AEB2B3819520011F794 /* LaunchScreen.storyboard */ = {
			isa = PBXVariantGroup;
			children = (
				D3505AEC2B3819520011F794 /* Base */,
			);
			name = LaunchScreen.storyboard;
			sourceTree = "<group>";
		};
/* End PBXVariantGroup section */

/* Begin XCBuildConfiguration section */
		D3505AEF2B3819520011F794 /* Debug */ = {
			isa = XCBuildConfiguration;
			buildSettings = {
				ALWAYS_SEARCH_USER_PATHS = NO;
				CLANG_ANALYZER_NONNULL = YES;
				CLANG_ANALYZER_NUMBER_OBJECT_CONVERSION = YES_AGGRESSIVE;
				CLANG_CXX_LANGUAGE_STANDARD = "gnu++20";
				CLANG_ENABLE_MODULES = YES;
				CLANG_ENABLE_OBJC_ARC = YES;
				CLANG_ENABLE_OBJC_WEAK = YES;
				CLANG_WARN_BLOCK_CAPTURE_AUTORELEASING = YES;
				CLANG_WARN_BOOL_CONVERSION = YES;
				CLANG_WARN_COMMA = YES;
				CLANG_WARN_CONSTANT_CONVERSION = YES;
				CLANG_WARN_DEPRECATED_OBJC_IMPLEMENTATIONS = YES;
				CLANG_WARN_DIRECT_OBJC_ISA_USAGE = YES_ERROR;
				CLANG_WARN_DOCUMENTATION_COMMENTS = YES;
				CLANG_WARN_EMPTY_BODY = YES;
				CLANG_WARN_ENUM_CONVERSION = YES;
				CLANG_WARN_INFINITE_RECURSION = YES;
				CLANG_WARN_INT_CONVERSION = YES;
				CLANG_WARN_NON_LITERAL_NULL_CONVERSION = YES;
				CLANG_WARN_OBJC_IMPLICIT_RETAIN_SELF = YES;
				CLANG_WARN_OBJC_LITERAL_CONVERSION = YES;
				CLANG_WARN_OBJC_ROOT_CLASS = YES_ERROR;
				CLANG_WARN_QUOTED_INCLUDE_IN_FRAMEWORK_HEADER = YES;
				CLANG_WARN_RANGE_LOOP_ANALYSIS = YES;
				CLANG_WARN_STRICT_PROTOTYPES = YES;
				CLANG_WARN_SUSPICIOUS_MOVE = YES;
				CLANG_WARN_UNGUARDED_AVAILABILITY = YES_AGGRESSIVE;
				CLANG_WARN_UNREACHABLE_CODE = YES;
				CLANG_WARN__DUPLICATE_METHOD_MATCH = YES;
				COPY_PHASE_STRIP = NO;
				DEBUG_INFORMATION_FORMAT = dwarf;
				ENABLE_STRICT_OBJC_MSGSEND = YES;
				ENABLE_TESTABILITY = YES;
				GCC_C_LANGUAGE_STANDARD = gnu11;
				GCC_DYNAMIC_NO_PIC = NO;
				GCC_NO_COMMON_BLOCKS = YES;
				GCC_OPTIMIZATION_LEVEL = 0;
				GCC_PREPROCESSOR_DEFINITIONS = (
					"DEBUG=1",
					"$(inherited)",
				);
				GCC_WARN_64_TO_32_BIT_CONVERSION = YES;
				GCC_WARN_ABOUT_RETURN_TYPE = YES_ERROR;
				GCC_WARN_UNDECLARED_SELECTOR = YES;
				GCC_WARN_UNINITIALIZED_AUTOS = YES_AGGRESSIVE;
				GCC_WARN_UNUSED_FUNCTION = YES;
				GCC_WARN_UNUSED_VARIABLE = YES;
				IPHONEOS_DEPLOYMENT_TARGET = 16.2;
				MTL_ENABLE_DEBUG_INFO = INCLUDE_SOURCE;
				MTL_FAST_MATH = YES;
				ONLY_ACTIVE_ARCH = YES;
				SDKROOT = iphoneos;
				SWIFT_ACTIVE_COMPILATION_CONDITIONS = DEBUG;
				SWIFT_OPTIMIZATION_LEVEL = "-Onone";
			};
			name = Debug;
		};
		D3505AF02B3819520011F794 /* Release */ = {
			isa = XCBuildConfiguration;
			buildSettings = {
				ALWAYS_SEARCH_USER_PATHS = NO;
				CLANG_ANALYZER_NONNULL = YES;
				CLANG_ANALYZER_NUMBER_OBJECT_CONVERSION = YES_AGGRESSIVE;
				CLANG_CXX_LANGUAGE_STANDARD = "gnu++20";
				CLANG_ENABLE_MODULES = YES;
				CLANG_ENABLE_OBJC_ARC = YES;
				CLANG_ENABLE_OBJC_WEAK = YES;
				CLANG_WARN_BLOCK_CAPTURE_AUTORELEASING = YES;
				CLANG_WARN_BOOL_CONVERSION = YES;
				CLANG_WARN_COMMA = YES;
				CLANG_WARN_CONSTANT_CONVERSION = YES;
				CLANG_WARN_DEPRECATED_OBJC_IMPLEMENTATIONS = YES;
				CLANG_WARN_DIRECT_OBJC_ISA_USAGE = YES_ERROR;
				CLANG_WARN_DOCUMENTATION_COMMENTS = YES;
				CLANG_WARN_EMPTY_BODY = YES;
				CLANG_WARN_ENUM_CONVERSION = YES;
				CLANG_WARN_INFINITE_RECURSION = YES;
				CLANG_WARN_INT_CONVERSION = YES;
				CLANG_WARN_NON_LITERAL_NULL_CONVERSION = YES;
				CLANG_WARN_OBJC_IMPLICIT_RETAIN_SELF = YES;
				CLANG_WARN_OBJC_LITERAL_CONVERSION = YES;
				CLANG_WARN_OBJC_ROOT_CLASS = YES_ERROR;
				CLANG_WARN_QUOTED_INCLUDE_IN_FRAMEWORK_HEADER = YES;
				CLANG_WARN_RANGE_LOOP_ANALYSIS = YES;
				CLANG_WARN_STRICT_PROTOTYPES = YES;
				CLANG_WARN_SUSPICIOUS_MOVE = YES;
				CLANG_WARN_UNGUARDED_AVAILABILITY = YES_AGGRESSIVE;
				CLANG_WARN_UNREACHABLE_CODE = YES;
				CLANG_WARN__DUPLICATE_METHOD_MATCH = YES;
				COPY_PHASE_STRIP = NO;
				DEBUG_INFORMATION_FORMAT = "dwarf-with-dsym";
				ENABLE_NS_ASSERTIONS = NO;
				ENABLE_STRICT_OBJC_MSGSEND = YES;
				GCC_C_LANGUAGE_STANDARD = gnu11;
				GCC_NO_COMMON_BLOCKS = YES;
				GCC_WARN_64_TO_32_BIT_CONVERSION = YES;
				GCC_WARN_ABOUT_RETURN_TYPE = YES_ERROR;
				GCC_WARN_UNDECLARED_SELECTOR = YES;
				GCC_WARN_UNINITIALIZED_AUTOS = YES_AGGRESSIVE;
				GCC_WARN_UNUSED_FUNCTION = YES;
				GCC_WARN_UNUSED_VARIABLE = YES;
				IPHONEOS_DEPLOYMENT_TARGET = 16.2;
				MTL_ENABLE_DEBUG_INFO = NO;
				MTL_FAST_MATH = YES;
				SDKROOT = iphoneos;
				SWIFT_COMPILATION_MODE = wholemodule;
				SWIFT_OPTIMIZATION_LEVEL = "-O";
				VALIDATE_PRODUCT = YES;
			};
			name = Release;
		};
		D3505AF22B3819520011F794 /* Debug */ = {
			isa = XCBuildConfiguration;
			baseConfigurationReference = DB302AF6C53717B3CAB38839 /* Pods-testReachability.debug.xcconfig */;
			buildSettings = {
				ASSETCATALOG_COMPILER_APPICON_NAME = AppIcon;
				ASSETCATALOG_COMPILER_GLOBAL_ACCENT_COLOR_NAME = AccentColor;
				CODE_SIGN_STYLE = Automatic;
				CURRENT_PROJECT_VERSION = 1;
				DEVELOPMENT_TEAM = X4YZSY77G5;
				GENERATE_INFOPLIST_FILE = YES;
				INFOPLIST_FILE = testReachability/Assets/Info.plist;
				INFOPLIST_KEY_UIApplicationSupportsIndirectInputEvents = YES;
				INFOPLIST_KEY_UILaunchStoryboardName = LaunchScreen;
				INFOPLIST_KEY_UISupportedInterfaceOrientations_iPad = "UIInterfaceOrientationPortrait UIInterfaceOrientationPortraitUpsideDown UIInterfaceOrientationLandscapeLeft UIInterfaceOrientationLandscapeRight";
				INFOPLIST_KEY_UISupportedInterfaceOrientations_iPhone = "UIInterfaceOrientationPortrait UIInterfaceOrientationLandscapeLeft UIInterfaceOrientationLandscapeRight";
				INFOPLIST_KEY_UIUserInterfaceStyle = Light;
				LD_RUNPATH_SEARCH_PATHS = (
					"$(inherited)",
					"@executable_path/Frameworks",
				);
				MARKETING_VERSION = 1.0;
				PRODUCT_BUNDLE_IDENTIFIER = com.myorginization199.testReachability;
				PRODUCT_NAME = "$(TARGET_NAME)";
				SWIFT_EMIT_LOC_STRINGS = YES;
				SWIFT_VERSION = 5.0;
				TARGETED_DEVICE_FAMILY = "1,2";
			};
			name = Debug;
		};
		D3505AF32B3819520011F794 /* Release */ = {
			isa = XCBuildConfiguration;
			baseConfigurationReference = 1AACE86A80283DFEAC100482 /* Pods-testReachability.release.xcconfig */;
			buildSettings = {
				ASSETCATALOG_COMPILER_APPICON_NAME = AppIcon;
				ASSETCATALOG_COMPILER_GLOBAL_ACCENT_COLOR_NAME = AccentColor;
				CODE_SIGN_STYLE = Automatic;
				CURRENT_PROJECT_VERSION = 1;
				DEVELOPMENT_TEAM = X4YZSY77G5;
				GENERATE_INFOPLIST_FILE = YES;
				INFOPLIST_FILE = testReachability/Assets/Info.plist;
				INFOPLIST_KEY_UIApplicationSupportsIndirectInputEvents = YES;
				INFOPLIST_KEY_UILaunchStoryboardName = LaunchScreen;
				INFOPLIST_KEY_UISupportedInterfaceOrientations_iPad = "UIInterfaceOrientationPortrait UIInterfaceOrientationPortraitUpsideDown UIInterfaceOrientationLandscapeLeft UIInterfaceOrientationLandscapeRight";
				INFOPLIST_KEY_UISupportedInterfaceOrientations_iPhone = "UIInterfaceOrientationPortrait UIInterfaceOrientationLandscapeLeft UIInterfaceOrientationLandscapeRight";
				INFOPLIST_KEY_UIUserInterfaceStyle = Light;
				LD_RUNPATH_SEARCH_PATHS = (
					"$(inherited)",
					"@executable_path/Frameworks",
				);
				MARKETING_VERSION = 1.0;
				PRODUCT_BUNDLE_IDENTIFIER = com.myorginization199.testReachability;
				PRODUCT_NAME = "$(TARGET_NAME)";
				SWIFT_EMIT_LOC_STRINGS = YES;
				SWIFT_VERSION = 5.0;
				TARGETED_DEVICE_FAMILY = "1,2";
			};
			name = Release;
		};
/* End XCBuildConfiguration section */

/* Begin XCConfigurationList section */
		D3505AD82B3819500011F794 /* Build configuration list for PBXProject "testReachability" */ = {
			isa = XCConfigurationList;
			buildConfigurations = (
				D3505AEF2B3819520011F794 /* Debug */,
				D3505AF02B3819520011F794 /* Release */,
			);
			defaultConfigurationIsVisible = 0;
			defaultConfigurationName = Release;
		};
		D3505AF12B3819520011F794 /* Build configuration list for PBXNativeTarget "testReachability" */ = {
			isa = XCConfigurationList;
			buildConfigurations = (
				D3505AF22B3819520011F794 /* Debug */,
				D3505AF32B3819520011F794 /* Release */,
			);
			defaultConfigurationIsVisible = 0;
			defaultConfigurationName = Release;
		};
/* End XCConfigurationList section */
	};
	rootObject = D3505AD52B3819500011F794 /* Project object */;
}
